
Microsoft Visual Studio Solution File, Format Version 12.00
# Visual Studio 15
VisualStudioVersion = 15.0.27703.2026
MinimumVisualStudioVersion = 10.0.40219.1
Project("{FAE04EC0-301F-11D3-BF4B-00C04F79EFBC}") = "AngularTest9", "AngularTest9\AngularTest9.csproj", "{3424F73A-1654-47AB-82C8-79A85B3872A9}"
EndProject
Global
	GlobalSection(SolutionConfigurationPlatforms) = preSolution
		Debug|Any CPU = Debug|Any CPU
		Release|Any CPU = Release|Any CPU
	EndGlobalSection
	GlobalSection(ProjectConfigurationPlatforms) = postSolution
		{3424F73A-1654-47AB-82C8-79A85B3872A9}.Debug|Any CPU.ActiveCfg = Debug|Any CPU
		{3424F73A-1654-47AB-82C8-79A85B3872A9}.Debug|Any CPU.Build.0 = Debug|Any CPU
		{3424F73A-1654-47AB-82C8-79A85B3872A9}.Release|Any CPU.ActiveCfg = Release|Any CPU
		{3424F73A-1654-47AB-82C8-79A85B3872A9}.Release|Any CPU.Build.0 = Release|Any CPU
	EndGlobalSection
	GlobalSection(SolutionProperties) = preSolution
		HideSolutionNode = FALSE
	EndGlobalSection
	GlobalSection(ExtensibilityGlobals) = postSolution
		SolutionGuid = {D9469425-E7EC-44C3-8132-1D97524D415E}
	EndGlobalSection
EndGlobal
